
Microsoft Visual Studio Solution File, Format Version 12.00
# Visual Studio Version 16
VisualStudioVersion = 16.0.29926.136
MinimumVisualStudioVersion = 10.0.40219.1
Project("{FAE04EC0-301F-11D3-BF4B-00C04F79EFBC}") = "IconFontDemo.UWP", "IconFontDemo\IconFontDemo.UWP\IconFontDemo.UWP.csproj", "{FD6DF068-F8F2-46B4-8FE2-FA0F83C890B3}"
EndProject
Project("{FAE04EC0-301F-11D3-BF4B-00C04F79EFBC}") = "IconFontDemo.Android", "IconFontDemo\IconFontDemo.Android\IconFontDemo.Android.csproj", "{16361CD0-782B-43C3-B5D2-B8A87FEE7B11}"
EndProject
Project("{FAE04EC0-301F-11D3-BF4B-00C04F79EFBC}") = "IconFontDemo.iOS", "IconFontDemo\IconFontDemo.iOS\IconFontDemo.iOS.csproj", "{27FCEC33-F9D5-407C-8C3F-48C75FF4B235}"
EndProject
Project("{9A19103F-16F7-4668-BE54-9A1E7A4F7556}") = "IconFontDemo", "IconFontDemo\IconFontDemo\IconFontDemo.csproj", "{A4CC909E-0561-4691-B300-5442678A50FB}"
EndProject
Project("{2150E333-8FDC-42A3-9474-1A3956D46DE8}") = "Solution Items", "Solution Items", "{74DDCD35-8DD1-42B7-B726-0ADED134A072}"
	ProjectSection(SolutionItems) = preProject
		README.md = README.md
	EndProjectSection
EndProject
Global
	GlobalSection(SolutionConfigurationPlatforms) = preSolution
		Debug|Any CPU = Debug|Any CPU
		Debug|ARM = Debug|ARM
		Debug|iPhone = Debug|iPhone
		Debug|iPhoneSimulator = Debug|iPhoneSimulator
		Debug|x64 = Debug|x64
		Debug|x86 = Debug|x86
		Release|Any CPU = Release|Any CPU
		Release|ARM = Release|ARM
		Release|iPhone = Release|iPhone
		Release|iPhoneSimulator = Release|iPhoneSimulator
		Release|x64 = Release|x64
		Release|x86 = Release|x86
	EndGlobalSection
	GlobalSection(ProjectConfigurationPlatforms) = postSolution
		{FD6DF068-F8F2-46B4-8FE2-FA0F83C890B3}.Debug|Any CPU.ActiveCfg = Debug|x86
		{FD6DF068-F8F2-46B4-8FE2-FA0F83C890B3}.Debug|Any CPU.Build.0 = Debug|x86
		{FD6DF068-F8F2-46B4-8FE2-FA0F83C890B3}.Debug|Any CPU.Deploy.0 = Debug|x86
		{FD6DF068-F8F2-46B4-8FE2-FA0F83C890B3}.Debug|ARM.ActiveCfg = Debug|ARM
		{FD6DF068-F8F2-46B4-8FE2-FA0F83C890B3}.Debug|ARM.Build.0 = Debug|ARM
		{FD6DF068-F8F2-46B4-8FE2-FA0F83C890B3}.Debug|ARM.Deploy.0 = Debug|ARM
		{FD6DF068-F8F2-46B4-8FE2-FA0F83C890B3}.Debug|iPhone.ActiveCfg = Debug|x86
		{FD6DF068-F8F2-46B4-8FE2-FA0F83C890B3}.Debug|iPhone.Build.0 = Debug|x86
		{FD6DF068-F8F2-46B4-8FE2-FA0F83C890B3}.Debug|iPhone.Deploy.0 = Debug|x86
		{FD6DF068-F8F2-46B4-8FE2-FA0F83C890B3}.Debug|iPhoneSimulator.ActiveCfg = Debug|x86
		{FD6DF068-F8F2-46B4-8FE2-FA0F83C890B3}.Debug|iPhoneSimulator.Build.0 = Debug|x86
		{FD6DF068-F8F2-46B4-8FE2-FA0F83C890B3}.Debug|iPhoneSimulator.Deploy.0 = Debug|x86
		{FD6DF068-F8F2-46B4-8FE2-FA0F83C890B3}.Debug|x64.ActiveCfg = Debug|x64
		{FD6DF068-F8F2-46B4-8FE2-FA0F83C890B3}.Debug|x64.Build.0 = Debug|x64
		{FD6DF068-F8F2-46B4-8FE2-FA0F83C890B3}.Debug|x64.Deploy.0 = Debug|x64
		{FD6DF068-F8F2-46B4-8FE2-FA0F83C890B3}.Debug|x86.ActiveCfg = Debug|x86
		{FD6DF068-F8F2-46B4-8FE2-FA0F83C890B3}.Debug|x86.Build.0 = Debug|x86
		{FD6DF068-F8F2-46B4-8FE2-FA0F83C890B3}.Debug|x86.Deploy.0 = Debug|x86
		{FD6DF068-F8F2-46B4-8FE2-FA0F83C890B3}.Release|Any CPU.ActiveCfg = Release|x86
		{FD6DF068-F8F2-46B4-8FE2-FA0F83C890B3}.Release|Any CPU.Build.0 = Release|x86
		{FD6DF068-F8F2-46B4-8FE2-FA0F83C890B3}.Release|Any CPU.Deploy.0 = Release|x86
		{FD6DF068-F8F2-46B4-8FE2-FA0F83C890B3}.Release|ARM.ActiveCfg = Release|ARM
		{FD6DF068-F8F2-46B4-8FE2-FA0F83C890B3}.Release|ARM.Build.0 = Release|ARM
		{FD6DF068-F8F2-46B4-8FE2-FA0F83C890B3}.Release|ARM.Deploy.0 = Release|ARM
		{FD6DF068-F8F2-46B4-8FE2-FA0F83C890B3}.Release|iPhone.ActiveCfg = Release|x86
		{FD6DF068-F8F2-46B4-8FE2-FA0F83C890B3}.Release|iPhone.Build.0 = Release|x86
		{FD6DF068-F8F2-46B4-8FE2-FA0F83C890B3}.Release|iPhone.Deploy.0 = Release|x86
		{FD6DF068-F8F2-46B4-8FE2-FA0F83C890B3}.Release|iPhoneSimulator.ActiveCfg = Release|x86
		{FD6DF068-F8F2-46B4-8FE2-FA0F83C890B3}.Release|iPhoneSimulator.Build.0 = Release|x86
		{FD6DF068-F8F2-46B4-8FE2-FA0F83C890B3}.Release|iPhoneSimulator.Deploy.0 = Release|x86
		{FD6DF068-F8F2-46B4-8FE2-FA0F83C890B3}.Release|x64.ActiveCfg = Release|x64
		{FD6DF068-F8F2-46B4-8FE2-FA0F83C890B3}.Release|x64.Build.0 = Release|x64
		{FD6DF068-F8F2-46B4-8FE2-FA0F83C890B3}.Release|x64.Deploy.0 = Release|x64
		{FD6DF068-F8F2-46B4-8FE2-FA0F83C890B3}.Release|x86.ActiveCfg = Release|x86
		{FD6DF068-F8F2-46B4-8FE2-FA0F83C890B3}.Release|x86.Build.0 = Release|x86
		{FD6DF068-F8F2-46B4-8FE2-FA0F83C890B3}.Release|x86.Deploy.0 = Release|x86
		{16361CD0-782B-43C3-B5D2-B8A87FEE7B11}.Debug|Any CPU.ActiveCfg = Debug|Any CPU
		{16361CD0-782B-43C3-B5D2-B8A87FEE7B11}.Debug|Any CPU.Build.0 = Debug|Any CPU
		{16361CD0-782B-43C3-B5D2-B8A87FEE7B11}.Debug|Any CPU.Deploy.0 = Debug|Any CPU
		{16361CD0-782B-43C3-B5D2-B8A87FEE7B11}.Debug|ARM.ActiveCfg = Debug|Any CPU
		{16361CD0-782B-43C3-B5D2-B8A87FEE7B11}.Debug|ARM.Build.0 = Debug|Any CPU
		{16361CD0-782B-43C3-B5D2-B8A87FEE7B11}.Debug|ARM.Deploy.0 = Debug|Any CPU
		{16361CD0-782B-43C3-B5D2-B8A87FEE7B11}.Debug|iPhone.ActiveCfg = Debug|Any CPU
		{16361CD0-782B-43C3-B5D2-B8A87FEE7B11}.Debug|iPhone.Build.0 = Debug|Any CPU
		{16361CD0-782B-43C3-B5D2-B8A87FEE7B11}.Debug|iPhone.Deploy.0 = Debug|Any CPU
		{16361CD0-782B-43C3-B5D2-B8A87FEE7B11}.Debug|iPhoneSimulator.ActiveCfg = Debug|Any CPU
		{16361CD0-782B-43C3-B5D2-B8A87FEE7B11}.Debug|iPhoneSimulator.Build.0 = Debug|Any CPU
		{16361CD0-782B-43C3-B5D2-B8A87FEE7B11}.Debug|iPhoneSimulator.Deploy.0 = Debug|Any CPU
		{16361CD0-782B-43C3-B5D2-B8A87FEE7B11}.Debug|x64.ActiveCfg = Debug|Any CPU
		{16361CD0-782B-43C3-B5D2-B8A87FEE7B11}.Debug|x64.Build.0 = Debug|Any CPU
		{16361CD0-782B-43C3-B5D2-B8A87FEE7B11}.Debug|x64.Deploy.0 = Debug|Any CPU
		{16361CD0-782B-43C3-B5D2-B8A87FEE7B11}.Debug|x86.ActiveCfg = Debug|Any CPU
		{16361CD0-782B-43C3-B5D2-B8A87FEE7B11}.Debug|x86.Build.0 = Debug|Any CPU
		{16361CD0-782B-43C3-B5D2-B8A87FEE7B11}.Debug|x86.Deploy.0 = Debug|Any CPU
		{16361CD0-782B-43C3-B5D2-B8A87FEE7B11}.Release|Any CPU.ActiveCfg = Release|Any CPU
		{16361CD0-782B-43C3-B5D2-B8A87FEE7B11}.Release|Any CPU.Build.0 = Release|Any CPU
		{16361CD0-782B-43C3-B5D2-B8A87FEE7B11}.Release|Any CPU.Deploy.0 = Release|Any CPU
		{16361CD0-782B-43C3-B5D2-B8A87FEE7B11}.Release|ARM.ActiveCfg = Release|Any CPU
		{16361CD0-782B-43C3-B5D2-B8A87FEE7B11}.Release|ARM.Build.0 = Release|Any CPU
		{16361CD0-782B-43C3-B5D2-B8A87FEE7B11}.Release|ARM.Deploy.0 = Release|Any CPU
		{16361CD0-782B-43C3-B5D2-B8A87FEE7B11}.Release|iPhone.ActiveCfg = Release|Any CPU
		{16361CD0-782B-43C3-B5D2-B8A87FEE7B11}.Release|iPhone.Build.0 = Release|Any CPU
		{16361CD0-782B-43C3-B5D2-B8A87FEE7B11}.Release|iPhone.Deploy.0 = Release|Any CPU
		{16361CD0-782B-43C3-B5D2-B8A87FEE7B11}.Release|iPhoneSimulator.ActiveCfg = Release|Any CPU
		{16361CD0-782B-43C3-B5D2-B8A87FEE7B11}.Release|iPhoneSimulator.Build.0 = Release|Any CPU
		{16361CD0-782B-43C3-B5D2-B8A87FEE7B11}.Release|iPhoneSimulator.Deploy.0 = Release|Any CPU
		{16361CD0-782B-43C3-B5D2-B8A87FEE7B11}.Release|x64.ActiveCfg = Release|Any CPU
		{16361CD0-782B-43C3-B5D2-B8A87FEE7B11}.Release|x64.Build.0 = Release|Any CPU
		{16361CD0-782B-43C3-B5D2-B8A87FEE7B11}.Release|x64.Deploy.0 = Release|Any CPU
		{16361CD0-782B-43C3-B5D2-B8A87FEE7B11}.Release|x86.ActiveCfg = Release|Any CPU
		{16361CD0-782B-43C3-B5D2-B8A87FEE7B11}.Release|x86.Build.0 = Release|Any CPU
		{16361CD0-782B-43C3-B5D2-B8A87FEE7B11}.Release|x86.Deploy.0 = Release|Any CPU
		{27FCEC33-F9D5-407C-8C3F-48C75FF4B235}.Debug|Any CPU.ActiveCfg = Debug|iPhone
		{27FCEC33-F9D5-407C-8C3F-48C75FF4B235}.Debug|Any CPU.Build.0 = Debug|iPhone
		{27FCEC33-F9D5-407C-8C3F-48C75FF4B235}.Debug|Any CPU.Deploy.0 = Debug|iPhone
		{27FCEC33-F9D5-407C-8C3F-48C75FF4B235}.Debug|ARM.ActiveCfg = Debug|iPhone
		{27FCEC33-F9D5-407C-8C3F-48C75FF4B235}.Debug|ARM.Build.0 = Debug|iPhone
		{27FCEC33-F9D5-407C-8C3F-48C75FF4B235}.Debug|ARM.Deploy.0 = Debug|iPhone
		{27FCEC33-F9D5-407C-8C3F-48C75FF4B235}.Debug|iPhone.ActiveCfg = Debug|iPhone
		{27FCEC33-F9D5-407C-8C3F-48C75FF4B235}.Debug|iPhone.Build.0 = Debug|iPhone
		{27FCEC33-F9D5-407C-8C3F-48C75FF4B235}.Debug|iPhone.Deploy.0 = Debug|iPhone
		{27FCEC33-F9D5-407C-8C3F-48C75FF4B235}.Debug|iPhoneSimulator.ActiveCfg = Debug|iPhoneSimulator
		{27FCEC33-F9D5-407C-8C3F-48C75FF4B235}.Debug|iPhoneSimulator.Build.0 = Debug|iPhoneSimulator
		{27FCEC33-F9D5-407C-8C3F-48C75FF4B235}.Debug|iPhoneSimulator.Deploy.0 = Debug|iPhoneSimulator
		{27FCEC33-F9D5-407C-8C3F-48C75FF4B235}.Debug|x64.ActiveCfg = Debug|iPhone
		{27FCEC33-F9D5-407C-8C3F-48C75FF4B235}.Debug|x64.Build.0 = Debug|iPhone
		{27FCEC33-F9D5-407C-8C3F-48C75FF4B235}.Debug|x64.Deploy.0 = Debug|iPhone
		{27FCEC33-F9D5-407C-8C3F-48C75FF4B235}.Debug|x86.ActiveCfg = Debug|iPhone
		{27FCEC33-F9D5-407C-8C3F-48C75FF4B235}.Debug|x86.Build.0 = Debug|iPhone
		{27FCEC33-F9D5-407C-8C3F-48C75FF4B235}.Debug|x86.Deploy.0 = Debug|iPhone
		{27FCEC33-F9D5-407C-8C3F-48C75FF4B235}.Release|Any CPU.ActiveCfg = Release|iPhone
		{27FCEC33-F9D5-407C-8C3F-48C75FF4B235}.Release|Any CPU.Build.0 = Release|iPhone
		{27FCEC33-F9D5-407C-8C3F-48C75FF4B235}.Release|Any CPU.Deploy.0 = Release|iPhone
		{27FCEC33-F9D5-407C-8C3F-48C75FF4B235}.Release|ARM.ActiveCfg = Release|iPhone
		{27FCEC33-F9D5-407C-8C3F-48C75FF4B235}.Release|ARM.Build.0 = Release|iPhone
		{27FCEC33-F9D5-407C-8C3F-48C75FF4B235}.Release|ARM.Deploy.0 = Release|iPhone
		{27FCEC33-F9D5-407C-8C3F-48C75FF4B235}.Release|iPhone.ActiveCfg = Release|iPhone
		{27FCEC33-F9D5-407C-8C3F-48C75FF4B235}.Release|iPhone.Build.0 = Release|iPhone
		{27FCEC33-F9D5-407C-8C3F-48C75FF4B235}.Release|iPhone.Deploy.0 = Release|iPhone
		{27FCEC33-F9D5-407C-8C3F-48C75FF4B235}.Release|iPhoneSimulator.ActiveCfg = Release|iPhoneSimulator
		{27FCEC33-F9D5-407C-8C3F-48C75FF4B235}.Release|iPhoneSimulator.Build.0 = Release|iPhoneSimulator
		{27FCEC33-F9D5-407C-8C3F-48C75FF4B235}.Release|iPhoneSimulator.Deploy.0 = Release|iPhoneSimulator
		{27FCEC33-F9D5-407C-8C3F-48C75FF4B235}.Release|x64.ActiveCfg = Release|iPhone
		{27FCEC33-F9D5-407C-8C3F-48C75FF4B235}.Release|x64.Build.0 = Release|iPhone
		{27FCEC33-F9D5-407C-8C3F-48C75FF4B235}.Release|x64.Deploy.0 = Release|iPhone
		{27FCEC33-F9D5-407C-8C3F-48C75FF4B235}.Release|x86.ActiveCfg = Release|iPhone
		{27FCEC33-F9D5-407C-8C3F-48C75FF4B235}.Release|x86.Build.0 = Release|iPhone
		{27FCEC33-F9D5-407C-8C3F-48C75FF4B235}.Release|x86.Deploy.0 = Release|iPhone
		{A4CC909E-0561-4691-B300-5442678A50FB}.Debug|Any CPU.ActiveCfg = Debug|Any CPU
		{A4CC909E-0561-4691-B300-5442678A50FB}.Debug|Any CPU.Build.0 = Debug|Any CPU
		{A4CC909E-0561-4691-B300-5442678A50FB}.Debug|Any CPU.Deploy.0 = Debug|Any CPU
		{A4CC909E-0561-4691-B300-5442678A50FB}.Debug|ARM.ActiveCfg = Debug|Any CPU
		{A4CC909E-0561-4691-B300-5442678A50FB}.Debug|ARM.Build.0 = Debug|Any CPU
		{A4CC909E-0561-4691-B300-5442678A50FB}.Debug|ARM.Deploy.0 = Debug|Any CPU
		{A4CC909E-0561-4691-B300-5442678A50FB}.Debug|iPhone.ActiveCfg = Debug|Any CPU
		{A4CC909E-0561-4691-B300-5442678A50FB}.Debug|iPhone.Build.0 = Debug|Any CPU
		{A4CC909E-0561-4691-B300-5442678A50FB}.Debug|iPhone.Deploy.0 = Debug|Any CPU
		{A4CC909E-0561-4691-B300-5442678A50FB}.Debug|iPhoneSimulator.ActiveCfg = Debug|Any CPU
		{A4CC909E-0561-4691-B300-5442678A50FB}.Debug|iPhoneSimulator.Build.0 = Debug|Any CPU
		{A4CC909E-0561-4691-B300-5442678A50FB}.Debug|iPhoneSimulator.Deploy.0 = Debug|Any CPU
		{A4CC909E-0561-4691-B300-5442678A50FB}.Debug|x64.ActiveCfg = Debug|Any CPU
		{A4CC909E-0561-4691-B300-5442678A50FB}.Debug|x64.Build.0 = Debug|Any CPU
		{A4CC909E-0561-4691-B300-5442678A50FB}.Debug|x64.Deploy.0 = Debug|Any CPU
		{A4CC909E-0561-4691-B300-5442678A50FB}.Debug|x86.ActiveCfg = Debug|Any CPU
		{A4CC909E-0561-4691-B300-5442678A50FB}.Debug|x86.Build.0 = Debug|Any CPU
		{A4CC909E-0561-4691-B300-5442678A50FB}.Debug|x86.Deploy.0 = Debug|Any CPU
		{A4CC909E-0561-4691-B300-5442678A50FB}.Release|Any CPU.ActiveCfg = Release|Any CPU
		{A4CC909E-0561-4691-B300-5442678A50FB}.Release|Any CPU.Build.0 = Release|Any CPU
		{A4CC909E-0561-4691-B300-5442678A50FB}.Release|Any CPU.Deploy.0 = Release|Any CPU
		{A4CC909E-0561-4691-B300-5442678A50FB}.Release|ARM.ActiveCfg = Release|Any CPU
		{A4CC909E-0561-4691-B300-5442678A50FB}.Release|ARM.Build.0 = Release|Any CPU
		{A4CC909E-0561-4691-B300-5442678A50FB}.Release|ARM.Deploy.0 = Release|Any CPU
		{A4CC909E-0561-4691-B300-5442678A50FB}.Release|iPhone.ActiveCfg = Release|Any CPU
		{A4CC909E-0561-4691-B300-5442678A50FB}.Release|iPhone.Build.0 = Release|Any CPU
		{A4CC909E-0561-4691-B300-5442678A50FB}.Release|iPhone.Deploy.0 = Release|Any CPU
		{A4CC909E-0561-4691-B300-5442678A50FB}.Release|iPhoneSimulator.ActiveCfg = Release|Any CPU
		{A4CC909E-0561-4691-B300-5442678A50FB}.Release|iPhoneSimulator.Build.0 = Release|Any CPU
		{A4CC909E-0561-4691-B300-5442678A50FB}.Release|iPhoneSimulator.Deploy.0 = Release|Any CPU
		{A4CC909E-0561-4691-B300-5442678A50FB}.Release|x64.ActiveCfg = Release|Any CPU
		{A4CC909E-0561-4691-B300-5442678A50FB}.Release|x64.Build.0 = Release|Any CPU
		{A4CC909E-0561-4691-B300-5442678A50FB}.Release|x64.Deploy.0 = Release|Any CPU
		{A4CC909E-0561-4691-B300-5442678A50FB}.Release|x86.ActiveCfg = Release|Any CPU
		{A4CC909E-0561-4691-B300-5442678A50FB}.Release|x86.Build.0 = Release|Any CPU
		{A4CC909E-0561-4691-B300-5442678A50FB}.Release|x86.Deploy.0 = Release|Any CPU
	EndGlobalSection
	GlobalSection(SolutionProperties) = preSolution
		HideSolutionNode = FALSE
	EndGlobalSection
	GlobalSection(ExtensibilityGlobals) = postSolution
		SolutionGuid = {12FF1BCB-8789-4843-85B5-54F6ECC1BEFB}
	EndGlobalSection
EndGlobal
